
Microsoft Visual Studio Solution File, Format Version 12.00
# Visual Studio Version 16
VisualStudioVersion = 16.0.30907.101
MinimumVisualStudioVersion = 10.0.40219.1
Project("{FAE04EC0-301F-11D3-BF4B-00C04F79EFBC}") = "ClassMetotDemo", "ClassMetotDemo\ClassMetotDemo.csproj", "{020CA80F-3DE0-47A9-A4AF-D759B06FEF7D}"
EndProject
Global
	GlobalSection(SolutionConfigurationPlatforms) = preSolution
		Debug|Any CPU = Debug|Any CPU
		Release|Any CPU = Release|Any CPU
	EndGlobalSection
	GlobalSection(ProjectConfigurationPlatforms) = postSolution
		{020CA80F-3DE0-47A9-A4AF-D759B06FEF7D}.Debug|Any CPU.ActiveCfg = Debug|Any CPU
		{020CA80F-3DE0-47A9-A4AF-D759B06FEF7D}.Debug|Any CPU.Build.0 = Debug|Any CPU
		{020CA80F-3DE0-47A9-A4AF-D759B06FEF7D}.Release|Any CPU.ActiveCfg = Release|Any CPU
		{020CA80F-3DE0-47A9-A4AF-D759B06FEF7D}.Release|Any CPU.Build.0 = Release|Any CPU
	EndGlobalSection
	GlobalSection(SolutionProperties) = preSolution
		HideSolutionNode = FALSE
	EndGlobalSection
	GlobalSection(ExtensibilityGlobals) = postSolution
		SolutionGuid = {0282C626-8434-42C2-90EA-C6FCC5478B4C}
	EndGlobalSection
EndGlobal
